// !$*UTF8*$!
{
	archiveVersion = 1;
	classes = {
	};
	objectVersion = 56;
	objects = {

/* Begin PBXBuildFile section */
		1302A9122B2B5969008D2E79 /* SettingsView.swift in Sources */ = {isa = PBXBuildFile; fileRef = 1302A9112B2B5969008D2E79 /* SettingsView.swift */; };
		1302A9142B2B5B0A008D2E79 /* SettingsViewModel.swift in Sources */ = {isa = PBXBuildFile; fileRef = 1302A9132B2B5B0A008D2E79 /* SettingsViewModel.swift */; };
		1302A9162B2B5BAF008D2E79 /* ProfileView.swift in Sources */ = {isa = PBXBuildFile; fileRef = 1302A9152B2B5BAF008D2E79 /* ProfileView.swift */; };
		1302A9182B2B70CC008D2E79 /* UserManager.swift in Sources */ = {isa = PBXBuildFile; fileRef = 1302A9172B2B70CC008D2E79 /* UserManager.swift */; };
		1302A91A2B2B9364008D2E79 /* ProfileViewModel.swift in Sources */ = {isa = PBXBuildFile; fileRef = 1302A9192B2B9364008D2E79 /* ProfileViewModel.swift */; };
		1302A91C2B2CB26E008D2E79 /* DBUser.swift in Sources */ = {isa = PBXBuildFile; fileRef = 1302A91B2B2CB26E008D2E79 /* DBUser.swift */; };
		1302A91E2B2CE53A008D2E79 /* GambleManager.swift in Sources */ = {isa = PBXBuildFile; fileRef = 1302A91D2B2CE53A008D2E79 /* GambleManager.swift */; };
		13033B672B9A0B3C00BC9EA1 /* GambleDetailView.swift in Sources */ = {isa = PBXBuildFile; fileRef = 13033B662B9A0B3C00BC9EA1 /* GambleDetailView.swift */; };
		13054D4C2BBCC204009F4F12 /* ContentViewModel.swift in Sources */ = {isa = PBXBuildFile; fileRef = 13054D4B2BBCC204009F4F12 /* ContentViewModel.swift */; };
		13054D4E2BBCC3D9009F4F12 /* GamblitTabView.swift in Sources */ = {isa = PBXBuildFile; fileRef = 13054D4D2BBCC3D9009F4F12 /* GamblitTabView.swift */; };
		13054D502BCF4D60009F4F12 /* ExploreViewModel.swift in Sources */ = {isa = PBXBuildFile; fileRef = 13054D4F2BCF4D60009F4F12 /* ExploreViewModel.swift */; };
		133105CA2B3670AC009356B4 /* GamesViewModel.swift in Sources */ = {isa = PBXBuildFile; fileRef = 133105C92B3670AC009356B4 /* GamesViewModel.swift */; };
		133105CC2B3670C0009356B4 /* GamesView.swift in Sources */ = {isa = PBXBuildFile; fileRef = 133105CB2B3670C0009356B4 /* GamesView.swift */; };
		133105CE2B367182009356B4 /* SportMenuView.swift in Sources */ = {isa = PBXBuildFile; fileRef = 133105CD2B367182009356B4 /* SportMenuView.swift */; };
		133105D42B367D2A009356B4 /* Game.swift in Sources */ = {isa = PBXBuildFile; fileRef = 133105D32B367D2A009356B4 /* Game.swift */; };
		133105D62B36820C009356B4 /* GamesManager.swift in Sources */ = {isa = PBXBuildFile; fileRef = 133105D52B36820C009356B4 /* GamesManager.swift */; };
		1349114E2B5813C200311799 /* ChartView.swift in Sources */ = {isa = PBXBuildFile; fileRef = 1349114D2B5813C200311799 /* ChartView.swift */; };
		134911522B5A1E5500311799 /* GambleViewModel.swift in Sources */ = {isa = PBXBuildFile; fileRef = 134911512B5A1E5500311799 /* GambleViewModel.swift */; };
		134911562B5C2F3200311799 /* GameChartPickerView.swift in Sources */ = {isa = PBXBuildFile; fileRef = 134911552B5C2F3200311799 /* GameChartPickerView.swift */; };
		13695CFE2BA7158900CB9FE3 /* OnFirstAppearViewModifier.swift in Sources */ = {isa = PBXBuildFile; fileRef = 13695CFD2BA7158900CB9FE3 /* OnFirstAppearViewModifier.swift */; };
		13695D012BA72AD800CB9FE3 /* Query+EXT.swift in Sources */ = {isa = PBXBuildFile; fileRef = 13695D002BA72AD800CB9FE3 /* Query+EXT.swift */; };
		136AEC482BB463A600F99AB9 /* GambleCellView.swift in Sources */ = {isa = PBXBuildFile; fileRef = 136AEC472BB463A600F99AB9 /* GambleCellView.swift */; };
		136AEC4A2BB46BA500F99AB9 /* ExploreView.swift in Sources */ = {isa = PBXBuildFile; fileRef = 136AEC492BB46BA500F99AB9 /* ExploreView.swift */; };
		136AEC4C2BB483F900F99AB9 /* CircularProfileImageView.swift in Sources */ = {isa = PBXBuildFile; fileRef = 136AEC4B2BB483F900F99AB9 /* CircularProfileImageView.swift */; };
		136AEC4E2BB4847F00F99AB9 /* UserCellView.swift in Sources */ = {isa = PBXBuildFile; fileRef = 136AEC4D2BB4847F00F99AB9 /* UserCellView.swift */; };
		136AEC502BBAFF9300F99AB9 /* UserProfileView.swift in Sources */ = {isa = PBXBuildFile; fileRef = 136AEC4F2BBAFF9300F99AB9 /* UserProfileView.swift */; };
		136AEC522BBB042B00F99AB9 /* ProfileGambleFilter.swift in Sources */ = {isa = PBXBuildFile; fileRef = 136AEC512BBB042B00F99AB9 /* ProfileGambleFilter.swift */; };
		136AEC542BBC456100F99AB9 /* UIWindow+EXT.swift in Sources */ = {isa = PBXBuildFile; fileRef = 136AEC532BBC456100F99AB9 /* UIWindow+EXT.swift */; };
		136AEC562BBC458200F99AB9 /* UIScreen+EXT.swift in Sources */ = {isa = PBXBuildFile; fileRef = 136AEC552BBC458200F99AB9 /* UIScreen+EXT.swift */; };
		136AEC582BBC472E00F99AB9 /* EditProfileView.swift in Sources */ = {isa = PBXBuildFile; fileRef = 136AEC572BBC472E00F99AB9 /* EditProfileView.swift */; };
		136AEC5A2BBC69A400F99AB9 /* CreateGambleRemodelView.swift in Sources */ = {isa = PBXBuildFile; fileRef = 136AEC592BBC69A400F99AB9 /* CreateGambleRemodelView.swift */; };
		136AEC5C2BCD604300F99AB9 /* DeveloperPreview.swift in Sources */ = {isa = PBXBuildFile; fileRef = 136AEC5B2BCD604300F99AB9 /* DeveloperPreview.swift */; };
		136AEC5E2BCD67BB00F99AB9 /* CurrentUserProfileView.swift in Sources */ = {isa = PBXBuildFile; fileRef = 136AEC5D2BCD67BB00F99AB9 /* CurrentUserProfileView.swift */; };
		136AEC602BCD694400F99AB9 /* CurrentUserProfileViewModel.swift in Sources */ = {isa = PBXBuildFile; fileRef = 136AEC5F2BCD694400F99AB9 /* CurrentUserProfileViewModel.swift */; };
		136AEC632BDAA02F00F99AB9 /* UserProfileHeaderView.swift in Sources */ = {isa = PBXBuildFile; fileRef = 136AEC622BDAA02F00F99AB9 /* UserProfileHeaderView.swift */; };
		136AEC652BDAC04100F99AB9 /* UserContentListView.swift in Sources */ = {isa = PBXBuildFile; fileRef = 136AEC642BDAC04100F99AB9 /* UserContentListView.swift */; };
		136AEC672BDC153900F99AB9 /* EditProfileViewModel.swift in Sources */ = {isa = PBXBuildFile; fileRef = 136AEC662BDC153900F99AB9 /* EditProfileViewModel.swift */; };
		136AEC692BDC175300F99AB9 /* ImageUploadManager.swift in Sources */ = {isa = PBXBuildFile; fileRef = 136AEC682BDC175300F99AB9 /* ImageUploadManager.swift */; };
		136AEC6C2BDC2D2600F99AB9 /* Kingfisher in Frameworks */ = {isa = PBXBuildFile; productRef = 136AEC6B2BDC2D2600F99AB9 /* Kingfisher */; };
		136AEC6E2BDFD62F00F99AB9 /* GambleManagerRemodel.swift in Sources */ = {isa = PBXBuildFile; fileRef = 136AEC6D2BDFD62F00F99AB9 /* GambleManagerRemodel.swift */; };
		136AEC702BE0061000F99AB9 /* UserContentListViewModel.swift in Sources */ = {isa = PBXBuildFile; fileRef = 136AEC6F2BE0061000F99AB9 /* UserContentListViewModel.swift */; };
		136AEC722BE015E900F99AB9 /* Timestamp.swift in Sources */ = {isa = PBXBuildFile; fileRef = 136AEC712BE015E900F99AB9 /* Timestamp.swift */; };
		136CF1232B6B400F004CC5B3 /* HistoricalChartView.swift in Sources */ = {isa = PBXBuildFile; fileRef = 136CF1222B6B400F004CC5B3 /* HistoricalChartView.swift */; };
		136CF1252B6BE5FE004CC5B3 /* GenericChartView.swift in Sources */ = {isa = PBXBuildFile; fileRef = 136CF1242B6BE5FE004CC5B3 /* GenericChartView.swift */; };
		136CF1272B753FC3004CC5B3 /* DataPoint.swift in Sources */ = {isa = PBXBuildFile; fileRef = 136CF1262B753FC3004CC5B3 /* DataPoint.swift */; };
		1371EEDE2B5C370300A95866 /* BookmakersButtonsView.swift in Sources */ = {isa = PBXBuildFile; fileRef = 1371EEDD2B5C370300A95866 /* BookmakersButtonsView.swift */; };
		1371EEE02B5C488500A95866 /* GameDetailView.swift in Sources */ = {isa = PBXBuildFile; fileRef = 1371EEDF2B5C488500A95866 /* GameDetailView.swift */; };
		1371EEE22B62153B00A95866 /* EventView.swift in Sources */ = {isa = PBXBuildFile; fileRef = 1371EEE12B62153B00A95866 /* EventView.swift */; };
		1371EEE42B62155500A95866 /* HistoricalView.swift in Sources */ = {isa = PBXBuildFile; fileRef = 1371EEE32B62155500A95866 /* HistoricalView.swift */; };
		1371EEE62B62B20F00A95866 /* EventCardView.swift in Sources */ = {isa = PBXBuildFile; fileRef = 1371EEE52B62B20F00A95866 /* EventCardView.swift */; };
		1371EEE82B62F65800A95866 /* HistoricalPickerView.swift in Sources */ = {isa = PBXBuildFile; fileRef = 1371EEE72B62F65800A95866 /* HistoricalPickerView.swift */; };
		138EFA2F2B261414007F006E /* GamblitApp.swift in Sources */ = {isa = PBXBuildFile; fileRef = 138EFA2E2B261414007F006E /* GamblitApp.swift */; };
		138EFA312B261414007F006E /* ContentView.swift in Sources */ = {isa = PBXBuildFile; fileRef = 138EFA302B261414007F006E /* ContentView.swift */; };
		138EFA332B261415007F006E /* Assets.xcassets in Resources */ = {isa = PBXBuildFile; fileRef = 138EFA322B261415007F006E /* Assets.xcassets */; };
		138EFA362B261415007F006E /* Preview Assets.xcassets in Resources */ = {isa = PBXBuildFile; fileRef = 138EFA352B261415007F006E /* Preview Assets.xcassets */; };
		13AE6B0A2B446DC90067B6B7 /* nfl_output.json in Resources */ = {isa = PBXBuildFile; fileRef = 13AE6B092B446DC90067B6B7 /* nfl_output.json */; };
		13AE6B0E2B44820F0067B6B7 /* GameCardView.swift in Sources */ = {isa = PBXBuildFile; fileRef = 13AE6B0D2B44820F0067B6B7 /* GameCardView.swift */; };
		13AE6B142B4772100067B6B7 /* Sport.swift in Sources */ = {isa = PBXBuildFile; fileRef = 13AE6B132B4772100067B6B7 /* Sport.swift */; };
		13BE439B2B280F9D0041DEEE /* FirebaseAnalytics in Frameworks */ = {isa = PBXBuildFile; productRef = 13BE439A2B280F9D0041DEEE /* FirebaseAnalytics */; };
		13BE439D2B280F9D0041DEEE /* FirebaseAnalyticsOnDeviceConversion in Frameworks */ = {isa = PBXBuildFile; productRef = 13BE439C2B280F9D0041DEEE /* FirebaseAnalyticsOnDeviceConversion */; };
		13BE439F2B280F9D0041DEEE /* FirebaseAnalyticsSwift in Frameworks */ = {isa = PBXBuildFile; productRef = 13BE439E2B280F9D0041DEEE /* FirebaseAnalyticsSwift */; };
		13BE43A12B280F9D0041DEEE /* FirebaseAnalyticsWithoutAdIdSupport in Frameworks */ = {isa = PBXBuildFile; productRef = 13BE43A02B280F9D0041DEEE /* FirebaseAnalyticsWithoutAdIdSupport */; };
		13BE43A72B280F9D0041DEEE /* FirebaseAuth in Frameworks */ = {isa = PBXBuildFile; productRef = 13BE43A62B280F9D0041DEEE /* FirebaseAuth */; };
		13BE43A92B280F9D0041DEEE /* FirebaseAuthCombine-Community in Frameworks */ = {isa = PBXBuildFile; productRef = 13BE43A82B280F9D0041DEEE /* FirebaseAuthCombine-Community */; };
		13BE43AB2B280F9D0041DEEE /* FirebaseCrashlytics in Frameworks */ = {isa = PBXBuildFile; productRef = 13BE43AA2B280F9D0041DEEE /* FirebaseCrashlytics */; };
		13BE43B32B280F9D0041DEEE /* FirebaseFirestore in Frameworks */ = {isa = PBXBuildFile; productRef = 13BE43B22B280F9D0041DEEE /* FirebaseFirestore */; };
		13BE43B52B280F9D0041DEEE /* FirebaseFirestoreCombine-Community in Frameworks */ = {isa = PBXBuildFile; productRef = 13BE43B42B280F9D0041DEEE /* FirebaseFirestoreCombine-Community */; };
		13BE43B72B280F9D0041DEEE /* FirebaseFirestoreSwift in Frameworks */ = {isa = PBXBuildFile; productRef = 13BE43B62B280F9D0041DEEE /* FirebaseFirestoreSwift */; };
		13BE43B92B280F9D0041DEEE /* FirebaseFunctions in Frameworks */ = {isa = PBXBuildFile; productRef = 13BE43B82B280F9D0041DEEE /* FirebaseFunctions */; };
		13BE43BB2B280F9D0041DEEE /* FirebaseFunctionsCombine-Community in Frameworks */ = {isa = PBXBuildFile; productRef = 13BE43BA2B280F9D0041DEEE /* FirebaseFunctionsCombine-Community */; };
		13BE43CD2B280F9D0041DEEE /* FirebaseStorage in Frameworks */ = {isa = PBXBuildFile; productRef = 13BE43CC2B280F9D0041DEEE /* FirebaseStorage */; };
		13BE43CF2B280F9D0041DEEE /* FirebaseStorageCombine-Community in Frameworks */ = {isa = PBXBuildFile; productRef = 13BE43CE2B280F9D0041DEEE /* FirebaseStorageCombine-Community */; };
		13BE43D12B280FC20041DEEE /* FirebaseAnalytics in Frameworks */ = {isa = PBXBuildFile; productRef = 13BE43D02B280FC20041DEEE /* FirebaseAnalytics */; };
		13BE43D32B280FC20041DEEE /* FirebaseAnalyticsOnDeviceConversion in Frameworks */ = {isa = PBXBuildFile; productRef = 13BE43D22B280FC20041DEEE /* FirebaseAnalyticsOnDeviceConversion */; };
		13BE43D52B280FC20041DEEE /* FirebaseAnalyticsSwift in Frameworks */ = {isa = PBXBuildFile; productRef = 13BE43D42B280FC20041DEEE /* FirebaseAnalyticsSwift */; };
		13BE43D72B280FC20041DEEE /* FirebaseAnalyticsWithoutAdIdSupport in Frameworks */ = {isa = PBXBuildFile; productRef = 13BE43D62B280FC20041DEEE /* FirebaseAnalyticsWithoutAdIdSupport */; };
		13BE43DD2B280FC20041DEEE /* FirebaseAuth in Frameworks */ = {isa = PBXBuildFile; productRef = 13BE43DC2B280FC20041DEEE /* FirebaseAuth */; };
		13BE43DF2B280FC20041DEEE /* FirebaseAuthCombine-Community in Frameworks */ = {isa = PBXBuildFile; productRef = 13BE43DE2B280FC20041DEEE /* FirebaseAuthCombine-Community */; };
		13CD7A642B28B3D600E261DA /* GoogleService-Info.plist in Resources */ = {isa = PBXBuildFile; fileRef = 13CD7A632B28B3D600E261DA /* GoogleService-Info.plist */; };
		13CD7A662B28BDDD00E261DA /* GambleCardView.swift in Sources */ = {isa = PBXBuildFile; fileRef = 13CD7A652B28BDDD00E261DA /* GambleCardView.swift */; };
		13CD7A722B293E0D00E261DA /* ViewModel.swift in Sources */ = {isa = PBXBuildFile; fileRef = 13CD7A712B293E0D00E261DA /* ViewModel.swift */; };
		13E99AB72B9A0D88009A25A1 /* GambleDetailViewModel.swift in Sources */ = {isa = PBXBuildFile; fileRef = 13E99AB62B9A0D88009A25A1 /* GambleDetailViewModel.swift */; };
		13E99AB92B9A2C9D009A25A1 /* TableTalkCellView.swift in Sources */ = {isa = PBXBuildFile; fileRef = 13E99AB82B9A2C9D009A25A1 /* TableTalkCellView.swift */; };
		13EEAECD2B2782870014CD9F /* Gamble.swift in Sources */ = {isa = PBXBuildFile; fileRef = 13EEAECC2B2782870014CD9F /* Gamble.swift */; };
		13EEAED02B2788C40014CD9F /* FirebaseAnalytics in Frameworks */ = {isa = PBXBuildFile; productRef = 13EEAECF2B2788C40014CD9F /* FirebaseAnalytics */; };
		13EEAED22B2788C40014CD9F /* FirebaseAnalyticsOnDeviceConversion in Frameworks */ = {isa = PBXBuildFile; productRef = 13EEAED12B2788C40014CD9F /* FirebaseAnalyticsOnDeviceConversion */; };
		13EEAED42B2788C40014CD9F /* FirebaseAnalyticsSwift in Frameworks */ = {isa = PBXBuildFile; productRef = 13EEAED32B2788C40014CD9F /* FirebaseAnalyticsSwift */; };
		13EEAED62B2788C40014CD9F /* FirebaseAnalyticsWithoutAdIdSupport in Frameworks */ = {isa = PBXBuildFile; productRef = 13EEAED52B2788C40014CD9F /* FirebaseAnalyticsWithoutAdIdSupport */; };
		13EEAED82B2788C40014CD9F /* FirebaseAppCheck in Frameworks */ = {isa = PBXBuildFile; productRef = 13EEAED72B2788C40014CD9F /* FirebaseAppCheck */; };
		13EEAEDC2B2791DE0014CD9F /* AuthenticationView.swift in Sources */ = {isa = PBXBuildFile; fileRef = 13EEAEDB2B2791DE0014CD9F /* AuthenticationView.swift */; };
		13EEAEDE2B2798A90014CD9F /* AuthenticationViewModel.swift in Sources */ = {isa = PBXBuildFile; fileRef = 13EEAEDD2B2798A90014CD9F /* AuthenticationViewModel.swift */; };
		13EEAEE12B2799430014CD9F /* GoogleSignIn in Frameworks */ = {isa = PBXBuildFile; productRef = 13EEAEE02B2799430014CD9F /* GoogleSignIn */; };
		13EEAEE32B2799430014CD9F /* GoogleSignInSwift in Frameworks */ = {isa = PBXBuildFile; productRef = 13EEAEE22B2799430014CD9F /* GoogleSignInSwift */; };
		13EEAEE52B279A390014CD9F /* AuthenticationManager.swift in Sources */ = {isa = PBXBuildFile; fileRef = 13EEAEE42B279A390014CD9F /* AuthenticationManager.swift */; };
		13EEAEE92B279C8A0014CD9F /* Utilities.swift in Sources */ = {isa = PBXBuildFile; fileRef = 13EEAEE82B279C8A0014CD9F /* Utilities.swift */; };
		13F557D92B8B9FDF00C1398B /* GambleFeedViewModel.swift in Sources */ = {isa = PBXBuildFile; fileRef = 13F557D82B8B9FDF00C1398B /* GambleFeedViewModel.swift */; };
		13F557DB2B8BA08500C1398B /* GambleFeedView.swift in Sources */ = {isa = PBXBuildFile; fileRef = 13F557DA2B8BA08500C1398B /* GambleFeedView.swift */; };
/* End PBXBuildFile section */

/* Begin PBXFileReference section */
		1302A9112B2B5969008D2E79 /* SettingsView.swift */ = {isa = PBXFileReference; lastKnownFileType = sourcecode.swift; path = SettingsView.swift; sourceTree = "<group>"; };
		1302A9132B2B5B0A008D2E79 /* SettingsViewModel.swift */ = {isa = PBXFileReference; lastKnownFileType = sourcecode.swift; path = SettingsViewModel.swift; sourceTree = "<group>"; };
		1302A9152B2B5BAF008D2E79 /* ProfileView.swift */ = {isa = PBXFileReference; lastKnownFileType = sourcecode.swift; path = ProfileView.swift; sourceTree = "<group>"; };
		1302A9172B2B70CC008D2E79 /* UserManager.swift */ = {isa = PBXFileReference; lastKnownFileType = sourcecode.swift; path = UserManager.swift; sourceTree = "<group>"; };
		1302A9192B2B9364008D2E79 /* ProfileViewModel.swift */ = {isa = PBXFileReference; lastKnownFileType = sourcecode.swift; path = ProfileViewModel.swift; sourceTree = "<group>"; };
		1302A91B2B2CB26E008D2E79 /* DBUser.swift */ = {isa = PBXFileReference; lastKnownFileType = sourcecode.swift; path = DBUser.swift; sourceTree = "<group>"; };
		1302A91D2B2CE53A008D2E79 /* GambleManager.swift */ = {isa = PBXFileReference; lastKnownFileType = sourcecode.swift; path = GambleManager.swift; sourceTree = "<group>"; };
		13033B662B9A0B3C00BC9EA1 /* GambleDetailView.swift */ = {isa = PBXFileReference; lastKnownFileType = sourcecode.swift; path = GambleDetailView.swift; sourceTree = "<group>"; };
		13054D4B2BBCC204009F4F12 /* ContentViewModel.swift */ = {isa = PBXFileReference; lastKnownFileType = sourcecode.swift; path = ContentViewModel.swift; sourceTree = "<group>"; };
		13054D4D2BBCC3D9009F4F12 /* GamblitTabView.swift */ = {isa = PBXFileReference; lastKnownFileType = sourcecode.swift; path = GamblitTabView.swift; sourceTree = "<group>"; };
		13054D4F2BCF4D60009F4F12 /* ExploreViewModel.swift */ = {isa = PBXFileReference; lastKnownFileType = sourcecode.swift; path = ExploreViewModel.swift; sourceTree = "<group>"; };
		133105C92B3670AC009356B4 /* GamesViewModel.swift */ = {isa = PBXFileReference; lastKnownFileType = sourcecode.swift; path = GamesViewModel.swift; sourceTree = "<group>"; };
		133105CB2B3670C0009356B4 /* GamesView.swift */ = {isa = PBXFileReference; lastKnownFileType = sourcecode.swift; path = GamesView.swift; sourceTree = "<group>"; };
		133105CD2B367182009356B4 /* SportMenuView.swift */ = {isa = PBXFileReference; lastKnownFileType = sourcecode.swift; path = SportMenuView.swift; sourceTree = "<group>"; };
		133105D32B367D2A009356B4 /* Game.swift */ = {isa = PBXFileReference; lastKnownFileType = sourcecode.swift; path = Game.swift; sourceTree = "<group>"; };
		133105D52B36820C009356B4 /* GamesManager.swift */ = {isa = PBXFileReference; lastKnownFileType = sourcecode.swift; path = GamesManager.swift; sourceTree = "<group>"; };
		1349114D2B5813C200311799 /* ChartView.swift */ = {isa = PBXFileReference; lastKnownFileType = sourcecode.swift; path = ChartView.swift; sourceTree = "<group>"; };
		134911512B5A1E5500311799 /* GambleViewModel.swift */ = {isa = PBXFileReference; lastKnownFileType = sourcecode.swift; path = GambleViewModel.swift; sourceTree = "<group>"; };
		134911532B5B008700311799 /* historical_nfl_game_odds.json */ = {isa = PBXFileReference; lastKnownFileType = text.json; path = historical_nfl_game_odds.json; sourceTree = "<group>"; };
		134911552B5C2F3200311799 /* GameChartPickerView.swift */ = {isa = PBXFileReference; lastKnownFileType = sourcecode.swift; path = GameChartPickerView.swift; sourceTree = "<group>"; };
		13695CFD2BA7158900CB9FE3 /* OnFirstAppearViewModifier.swift */ = {isa = PBXFileReference; lastKnownFileType = sourcecode.swift; path = OnFirstAppearViewModifier.swift; sourceTree = "<group>"; };
		13695D002BA72AD800CB9FE3 /* Query+EXT.swift */ = {isa = PBXFileReference; lastKnownFileType = sourcecode.swift; path = "Query+EXT.swift"; sourceTree = "<group>"; };
		136AEC472BB463A600F99AB9 /* GambleCellView.swift */ = {isa = PBXFileReference; lastKnownFileType = sourcecode.swift; path = GambleCellView.swift; sourceTree = "<group>"; };
		136AEC492BB46BA500F99AB9 /* ExploreView.swift */ = {isa = PBXFileReference; lastKnownFileType = sourcecode.swift; path = ExploreView.swift; sourceTree = "<group>"; };
		136AEC4B2BB483F900F99AB9 /* CircularProfileImageView.swift */ = {isa = PBXFileReference; lastKnownFileType = sourcecode.swift; path = CircularProfileImageView.swift; sourceTree = "<group>"; };
		136AEC4D2BB4847F00F99AB9 /* UserCellView.swift */ = {isa = PBXFileReference; lastKnownFileType = sourcecode.swift; path = UserCellView.swift; sourceTree = "<group>"; };
		136AEC4F2BBAFF9300F99AB9 /* UserProfileView.swift */ = {isa = PBXFileReference; lastKnownFileType = sourcecode.swift; path = UserProfileView.swift; sourceTree = "<group>"; };
		136AEC512BBB042B00F99AB9 /* ProfileGambleFilter.swift */ = {isa = PBXFileReference; lastKnownFileType = sourcecode.swift; path = ProfileGambleFilter.swift; sourceTree = "<group>"; };
		136AEC532BBC456100F99AB9 /* UIWindow+EXT.swift */ = {isa = PBXFileReference; lastKnownFileType = sourcecode.swift; path = "UIWindow+EXT.swift"; sourceTree = "<group>"; };
		136AEC552BBC458200F99AB9 /* UIScreen+EXT.swift */ = {isa = PBXFileReference; lastKnownFileType = sourcecode.swift; path = "UIScreen+EXT.swift"; sourceTree = "<group>"; };
		136AEC572BBC472E00F99AB9 /* EditProfileView.swift */ = {isa = PBXFileReference; lastKnownFileType = sourcecode.swift; path = EditProfileView.swift; sourceTree = "<group>"; };
		136AEC592BBC69A400F99AB9 /* CreateGambleRemodelView.swift */ = {isa = PBXFileReference; lastKnownFileType = sourcecode.swift; path = CreateGambleRemodelView.swift; sourceTree = "<group>"; };
		136AEC5B2BCD604300F99AB9 /* DeveloperPreview.swift */ = {isa = PBXFileReference; lastKnownFileType = sourcecode.swift; path = DeveloperPreview.swift; sourceTree = "<group>"; };
		136AEC5D2BCD67BB00F99AB9 /* CurrentUserProfileView.swift */ = {isa = PBXFileReference; lastKnownFileType = sourcecode.swift; path = CurrentUserProfileView.swift; sourceTree = "<group>"; };
		136AEC5F2BCD694400F99AB9 /* CurrentUserProfileViewModel.swift */ = {isa = PBXFileReference; lastKnownFileType = sourcecode.swift; path = CurrentUserProfileViewModel.swift; sourceTree = "<group>"; };
		136AEC622BDAA02F00F99AB9 /* UserProfileHeaderView.swift */ = {isa = PBXFileReference; lastKnownFileType = sourcecode.swift; path = UserProfileHeaderView.swift; sourceTree = "<group>"; };
		136AEC642BDAC04100F99AB9 /* UserContentListView.swift */ = {isa = PBXFileReference; lastKnownFileType = sourcecode.swift; path = UserContentListView.swift; sourceTree = "<group>"; };
		136AEC662BDC153900F99AB9 /* EditProfileViewModel.swift */ = {isa = PBXFileReference; lastKnownFileType = sourcecode.swift; path = EditProfileViewModel.swift; sourceTree = "<group>"; };
		136AEC682BDC175300F99AB9 /* ImageUploadManager.swift */ = {isa = PBXFileReference; lastKnownFileType = sourcecode.swift; path = ImageUploadManager.swift; sourceTree = "<group>"; };
		136AEC6D2BDFD62F00F99AB9 /* GambleManagerRemodel.swift */ = {isa = PBXFileReference; lastKnownFileType = sourcecode.swift; path = GambleManagerRemodel.swift; sourceTree = "<group>"; };
		136AEC6F2BE0061000F99AB9 /* UserContentListViewModel.swift */ = {isa = PBXFileReference; lastKnownFileType = sourcecode.swift; path = UserContentListViewModel.swift; sourceTree = "<group>"; };
		136AEC712BE015E900F99AB9 /* Timestamp.swift */ = {isa = PBXFileReference; lastKnownFileType = sourcecode.swift; path = Timestamp.swift; sourceTree = "<group>"; };
		136CF1222B6B400F004CC5B3 /* HistoricalChartView.swift */ = {isa = PBXFileReference; lastKnownFileType = sourcecode.swift; path = HistoricalChartView.swift; sourceTree = "<group>"; };
		136CF1242B6BE5FE004CC5B3 /* GenericChartView.swift */ = {isa = PBXFileReference; lastKnownFileType = sourcecode.swift; path = GenericChartView.swift; sourceTree = "<group>"; };
		136CF1262B753FC3004CC5B3 /* DataPoint.swift */ = {isa = PBXFileReference; lastKnownFileType = sourcecode.swift; path = DataPoint.swift; sourceTree = "<group>"; };
		1371EEDD2B5C370300A95866 /* BookmakersButtonsView.swift */ = {isa = PBXFileReference; lastKnownFileType = sourcecode.swift; path = BookmakersButtonsView.swift; sourceTree = "<group>"; };
		1371EEDF2B5C488500A95866 /* GameDetailView.swift */ = {isa = PBXFileReference; lastKnownFileType = sourcecode.swift; path = GameDetailView.swift; sourceTree = "<group>"; };
		1371EEE12B62153B00A95866 /* EventView.swift */ = {isa = PBXFileReference; lastKnownFileType = sourcecode.swift; path = EventView.swift; sourceTree = "<group>"; };
		1371EEE32B62155500A95866 /* HistoricalView.swift */ = {isa = PBXFileReference; lastKnownFileType = sourcecode.swift; path = HistoricalView.swift; sourceTree = "<group>"; };
		1371EEE52B62B20F00A95866 /* EventCardView.swift */ = {isa = PBXFileReference; lastKnownFileType = sourcecode.swift; path = EventCardView.swift; sourceTree = "<group>"; };
		1371EEE72B62F65800A95866 /* HistoricalPickerView.swift */ = {isa = PBXFileReference; lastKnownFileType = sourcecode.swift; path = HistoricalPickerView.swift; sourceTree = "<group>"; };
		138EFA2B2B261414007F006E /* Gamblit.app */ = {isa = PBXFileReference; explicitFileType = wrapper.application; includeInIndex = 0; path = Gamblit.app; sourceTree = BUILT_PRODUCTS_DIR; };
		138EFA2E2B261414007F006E /* GamblitApp.swift */ = {isa = PBXFileReference; lastKnownFileType = sourcecode.swift; path = GamblitApp.swift; sourceTree = "<group>"; };
		138EFA302B261414007F006E /* ContentView.swift */ = {isa = PBXFileReference; lastKnownFileType = sourcecode.swift; path = ContentView.swift; sourceTree = "<group>"; };
		138EFA322B261415007F006E /* Assets.xcassets */ = {isa = PBXFileReference; lastKnownFileType = folder.assetcatalog; path = Assets.xcassets; sourceTree = "<group>"; };
		138EFA352B261415007F006E /* Preview Assets.xcassets */ = {isa = PBXFileReference; lastKnownFileType = folder.assetcatalog; path = "Preview Assets.xcassets"; sourceTree = "<group>"; };
		13AE6B092B446DC90067B6B7 /* nfl_output.json */ = {isa = PBXFileReference; fileEncoding = 4; lastKnownFileType = text.json; path = nfl_output.json; sourceTree = "<group>"; };
		13AE6B0D2B44820F0067B6B7 /* GameCardView.swift */ = {isa = PBXFileReference; lastKnownFileType = sourcecode.swift; path = GameCardView.swift; sourceTree = "<group>"; };
		13AE6B132B4772100067B6B7 /* Sport.swift */ = {isa = PBXFileReference; lastKnownFileType = sourcecode.swift; path = Sport.swift; sourceTree = "<group>"; };
		13BE43972B279E6F0041DEEE /* Gamblit.entitlements */ = {isa = PBXFileReference; lastKnownFileType = text.plist.entitlements; path = Gamblit.entitlements; sourceTree = "<group>"; };
		13CD7A622B28AD8F00E261DA /* Info.plist */ = {isa = PBXFileReference; lastKnownFileType = text.plist; path = Info.plist; sourceTree = "<group>"; };
		13CD7A632B28B3D600E261DA /* GoogleService-Info.plist */ = {isa = PBXFileReference; fileEncoding = 4; lastKnownFileType = text.plist.xml; path = "GoogleService-Info.plist"; sourceTree = "<group>"; };
		13CD7A652B28BDDD00E261DA /* GambleCardView.swift */ = {isa = PBXFileReference; lastKnownFileType = sourcecode.swift; path = GambleCardView.swift; sourceTree = "<group>"; };
		13CD7A712B293E0D00E261DA /* ViewModel.swift */ = {isa = PBXFileReference; lastKnownFileType = sourcecode.swift; path = ViewModel.swift; sourceTree = "<group>"; };
		13E99AB62B9A0D88009A25A1 /* GambleDetailViewModel.swift */ = {isa = PBXFileReference; lastKnownFileType = sourcecode.swift; path = GambleDetailViewModel.swift; sourceTree = "<group>"; };
		13E99AB82B9A2C9D009A25A1 /* TableTalkCellView.swift */ = {isa = PBXFileReference; lastKnownFileType = sourcecode.swift; path = TableTalkCellView.swift; sourceTree = "<group>"; };
		13EEAECC2B2782870014CD9F /* Gamble.swift */ = {isa = PBXFileReference; lastKnownFileType = sourcecode.swift; path = Gamble.swift; sourceTree = "<group>"; };
		13EEAEDB2B2791DE0014CD9F /* AuthenticationView.swift */ = {isa = PBXFileReference; lastKnownFileType = sourcecode.swift; path = AuthenticationView.swift; sourceTree = "<group>"; };
		13EEAEDD2B2798A90014CD9F /* AuthenticationViewModel.swift */ = {isa = PBXFileReference; lastKnownFileType = sourcecode.swift; path = AuthenticationViewModel.swift; sourceTree = "<group>"; };
		13EEAEE42B279A390014CD9F /* AuthenticationManager.swift */ = {isa = PBXFileReference; lastKnownFileType = sourcecode.swift; path = AuthenticationManager.swift; sourceTree = "<group>"; };
		13EEAEE82B279C8A0014CD9F /* Utilities.swift */ = {isa = PBXFileReference; lastKnownFileType = sourcecode.swift; path = Utilities.swift; sourceTree = "<group>"; };
		13F557D82B8B9FDF00C1398B /* GambleFeedViewModel.swift */ = {isa = PBXFileReference; lastKnownFileType = sourcecode.swift; path = GambleFeedViewModel.swift; sourceTree = "<group>"; };
		13F557DA2B8BA08500C1398B /* GambleFeedView.swift */ = {isa = PBXFileReference; lastKnownFileType = sourcecode.swift; path = GambleFeedView.swift; sourceTree = "<group>"; };
/* End PBXFileReference section */

/* Begin PBXFrameworksBuildPhase section */
		138EFA282B261414007F006E /* Frameworks */ = {
			isa = PBXFrameworksBuildPhase;
			buildActionMask = 2147483647;
			files = (
				13EEAED42B2788C40014CD9F /* FirebaseAnalyticsSwift in Frameworks */,
				13EEAED02B2788C40014CD9F /* FirebaseAnalytics in Frameworks */,
				13BE439B2B280F9D0041DEEE /* FirebaseAnalytics in Frameworks */,
				13BE43D52B280FC20041DEEE /* FirebaseAnalyticsSwift in Frameworks */,
				13BE43CF2B280F9D0041DEEE /* FirebaseStorageCombine-Community in Frameworks */,
				13BE43A92B280F9D0041DEEE /* FirebaseAuthCombine-Community in Frameworks */,
				13BE43CD2B280F9D0041DEEE /* FirebaseStorage in Frameworks */,
				13BE43B72B280F9D0041DEEE /* FirebaseFirestoreSwift in Frameworks */,
				13EEAEE32B2799430014CD9F /* GoogleSignInSwift in Frameworks */,
				13BE43B52B280F9D0041DEEE /* FirebaseFirestoreCombine-Community in Frameworks */,
				13BE43DF2B280FC20041DEEE /* FirebaseAuthCombine-Community in Frameworks */,
				13BE43A72B280F9D0041DEEE /* FirebaseAuth in Frameworks */,
				13BE43A12B280F9D0041DEEE /* FirebaseAnalyticsWithoutAdIdSupport in Frameworks */,
				13BE439F2B280F9D0041DEEE /* FirebaseAnalyticsSwift in Frameworks */,
				13BE439D2B280F9D0041DEEE /* FirebaseAnalyticsOnDeviceConversion in Frameworks */,
				13BE43DD2B280FC20041DEEE /* FirebaseAuth in Frameworks */,
				136AEC6C2BDC2D2600F99AB9 /* Kingfisher in Frameworks */,
				13BE43B32B280F9D0041DEEE /* FirebaseFirestore in Frameworks */,
				13BE43B92B280F9D0041DEEE /* FirebaseFunctions in Frameworks */,
				13EEAED22B2788C40014CD9F /* FirebaseAnalyticsOnDeviceConversion in Frameworks */,
				13EEAED82B2788C40014CD9F /* FirebaseAppCheck in Frameworks */,
				13BE43D12B280FC20041DEEE /* FirebaseAnalytics in Frameworks */,
				13BE43AB2B280F9D0041DEEE /* FirebaseCrashlytics in Frameworks */,
				13BE43D72B280FC20041DEEE /* FirebaseAnalyticsWithoutAdIdSupport in Frameworks */,
				13EEAED62B2788C40014CD9F /* FirebaseAnalyticsWithoutAdIdSupport in Frameworks */,
				13BE43D32B280FC20041DEEE /* FirebaseAnalyticsOnDeviceConversion in Frameworks */,
				13EEAEE12B2799430014CD9F /* GoogleSignIn in Frameworks */,
				13BE43BB2B280F9D0041DEEE /* FirebaseFunctionsCombine-Community in Frameworks */,
			);
			runOnlyForDeploymentPostprocessing = 0;
		};
/* End PBXFrameworksBuildPhase section */

/* Begin PBXGroup section */
		134911542B5C2F0F00311799 /* Components */ = {
			isa = PBXGroup;
			children = (
				1349114D2B5813C200311799 /* ChartView.swift */,
				134911552B5C2F3200311799 /* GameChartPickerView.swift */,
				1371EEDD2B5C370300A95866 /* BookmakersButtonsView.swift */,
				1371EEE52B62B20F00A95866 /* EventCardView.swift */,
				13AE6B0D2B44820F0067B6B7 /* GameCardView.swift */,
				1371EEE72B62F65800A95866 /* HistoricalPickerView.swift */,
			);
			path = Components;
			sourceTree = "<group>";
		};
		13695CFC2BA7153200CB9FE3 /* ViewModifier */ = {
			isa = PBXGroup;
			children = (
				13695CFD2BA7158900CB9FE3 /* OnFirstAppearViewModifier.swift */,
			);
			path = ViewModifier;
			sourceTree = "<group>";
		};
		13695CFF2BA72AC000CB9FE3 /* Extensions */ = {
			isa = PBXGroup;
			children = (
				13695D002BA72AD800CB9FE3 /* Query+EXT.swift */,
				136AEC532BBC456100F99AB9 /* UIWindow+EXT.swift */,
				136AEC552BBC458200F99AB9 /* UIScreen+EXT.swift */,
				136AEC712BE015E900F99AB9 /* Timestamp.swift */,
			);
			path = Extensions;
			sourceTree = "<group>";
		};
		136AEC612BDA9FED00F99AB9 /* Profile */ = {
			isa = PBXGroup;
			children = (
				136AEC4D2BB4847F00F99AB9 /* UserCellView.swift */,
				136AEC4F2BBAFF9300F99AB9 /* UserProfileView.swift */,
				136AEC5D2BCD67BB00F99AB9 /* CurrentUserProfileView.swift */,
				136AEC622BDAA02F00F99AB9 /* UserProfileHeaderView.swift */,
				136AEC642BDAC04100F99AB9 /* UserContentListView.swift */,
				136AEC572BBC472E00F99AB9 /* EditProfileView.swift */,
				136AEC4B2BB483F900F99AB9 /* CircularProfileImageView.swift */,
			);
			path = Profile;
			sourceTree = "<group>";
		};
		138EFA222B261414007F006E = {
			isa = PBXGroup;
			children = (
				138EFA2D2B261414007F006E /* Gamblit */,
				138EFA2C2B261414007F006E /* Products */,
			);
			sourceTree = "<group>";
		};
		138EFA2C2B261414007F006E /* Products */ = {
			isa = PBXGroup;
			children = (
				138EFA2B2B261414007F006E /* Gamblit.app */,
			);
			name = Products;
			sourceTree = "<group>";
		};
		138EFA2D2B261414007F006E /* Gamblit */ = {
			isa = PBXGroup;
			children = (
				13BE43972B279E6F0041DEEE /* Gamblit.entitlements */,
				13CD7A622B28AD8F00E261DA /* Info.plist */,
				13CD7A632B28B3D600E261DA /* GoogleService-Info.plist */,
				138EFA2E2B261414007F006E /* GamblitApp.swift */,
				13EEAEC92B2772870014CD9F /* Views */,
				13EEAECA2B2772960014CD9F /* ViewModels */,
				13CD7A702B28F4C600E261DA /* Managers */,
				13EEAECB2B2772A60014CD9F /* Models */,
				13EEAEE72B279C740014CD9F /* Utilities */,
				138EFA342B261415007F006E /* Preview Content */,
				138EFA322B261415007F006E /* Assets.xcassets */,
			);
			path = Gamblit;
			sourceTree = "<group>";
		};
		138EFA342B261415007F006E /* Preview Content */ = {
			isa = PBXGroup;
			children = (
				136AEC5B2BCD604300F99AB9 /* DeveloperPreview.swift */,
				13CD7A6B2B28ECC600E261DA /* API Data */,
				138EFA352B261415007F006E /* Preview Assets.xcassets */,
			);
			path = "Preview Content";
			sourceTree = "<group>";
		};
		13AE6B112B476DCB0067B6B7 /* Game */ = {
			isa = PBXGroup;
			children = (
				134911542B5C2F0F00311799 /* Components */,
				133105CD2B367182009356B4 /* SportMenuView.swift */,
				133105CB2B3670C0009356B4 /* GamesView.swift */,
				1371EEDF2B5C488500A95866 /* GameDetailView.swift */,
				1371EEE12B62153B00A95866 /* EventView.swift */,
				1371EEE32B62155500A95866 /* HistoricalView.swift */,
				136CF1222B6B400F004CC5B3 /* HistoricalChartView.swift */,
				136CF1242B6BE5FE004CC5B3 /* GenericChartView.swift */,
			);
			path = Game;
			sourceTree = "<group>";
		};
		13AE6B122B476DE40067B6B7 /* Gamble */ = {
			isa = PBXGroup;
			children = (
				13CD7A652B28BDDD00E261DA /* GambleCardView.swift */,
				13F557DA2B8BA08500C1398B /* GambleFeedView.swift */,
				13033B662B9A0B3C00BC9EA1 /* GambleDetailView.swift */,
				13E99AB82B9A2C9D009A25A1 /* TableTalkCellView.swift */,
				136AEC472BB463A600F99AB9 /* GambleCellView.swift */,
				136AEC592BBC69A400F99AB9 /* CreateGambleRemodelView.swift */,
			);
			path = Gamble;
			sourceTree = "<group>";
		};
		13AE6B152B4790F40067B6B7 /* Settings */ = {
			isa = PBXGroup;
			children = (
				13EEAEDB2B2791DE0014CD9F /* AuthenticationView.swift */,
				1302A9112B2B5969008D2E79 /* SettingsView.swift */,
				1302A9152B2B5BAF008D2E79 /* ProfileView.swift */,
			);
			path = Settings;
			sourceTree = "<group>";
		};
		13CD7A6B2B28ECC600E261DA /* API Data */ = {
			isa = PBXGroup;
			children = (
				13AE6B092B446DC90067B6B7 /* nfl_output.json */,
				134911532B5B008700311799 /* historical_nfl_game_odds.json */,
			);
			path = "API Data";
			sourceTree = "<group>";
		};
		13CD7A702B28F4C600E261DA /* Managers */ = {
			isa = PBXGroup;
			children = (
				13EEAEE42B279A390014CD9F /* AuthenticationManager.swift */,
				1302A9172B2B70CC008D2E79 /* UserManager.swift */,
				1302A91D2B2CE53A008D2E79 /* GambleManager.swift */,
				133105D52B36820C009356B4 /* GamesManager.swift */,
				136AEC682BDC175300F99AB9 /* ImageUploadManager.swift */,
				136AEC6D2BDFD62F00F99AB9 /* GambleManagerRemodel.swift */,
			);
			path = Managers;
			sourceTree = "<group>";
		};
		13EEAEC92B2772870014CD9F /* Views */ = {
			isa = PBXGroup;
			children = (
				136AEC612BDA9FED00F99AB9 /* Profile */,
				13695CFC2BA7153200CB9FE3 /* ViewModifier */,
				13AE6B152B4790F40067B6B7 /* Settings */,
				13AE6B122B476DE40067B6B7 /* Gamble */,
				13AE6B112B476DCB0067B6B7 /* Game */,
				138EFA302B261414007F006E /* ContentView.swift */,
				136AEC492BB46BA500F99AB9 /* ExploreView.swift */,
				13054D4D2BBCC3D9009F4F12 /* GamblitTabView.swift */,
			);
			path = Views;
			sourceTree = "<group>";
		};
		13EEAECA2B2772960014CD9F /* ViewModels */ = {
			isa = PBXGroup;
			children = (
				13EEAEDD2B2798A90014CD9F /* AuthenticationViewModel.swift */,
				13CD7A712B293E0D00E261DA /* ViewModel.swift */,
				1302A9132B2B5B0A008D2E79 /* SettingsViewModel.swift */,
				1302A9192B2B9364008D2E79 /* ProfileViewModel.swift */,
				133105C92B3670AC009356B4 /* GamesViewModel.swift */,
				134911512B5A1E5500311799 /* GambleViewModel.swift */,
				13F557D82B8B9FDF00C1398B /* GambleFeedViewModel.swift */,
				13E99AB62B9A0D88009A25A1 /* GambleDetailViewModel.swift */,
				13054D4B2BBCC204009F4F12 /* ContentViewModel.swift */,
				136AEC5F2BCD694400F99AB9 /* CurrentUserProfileViewModel.swift */,
				13054D4F2BCF4D60009F4F12 /* ExploreViewModel.swift */,
				136AEC662BDC153900F99AB9 /* EditProfileViewModel.swift */,
				136AEC6F2BE0061000F99AB9 /* UserContentListViewModel.swift */,
			);
			path = ViewModels;
			sourceTree = "<group>";
		};
		13EEAECB2B2772A60014CD9F /* Models */ = {
			isa = PBXGroup;
			children = (
				13695CFF2BA72AC000CB9FE3 /* Extensions */,
				13EEAECC2B2782870014CD9F /* Gamble.swift */,
				133105D32B367D2A009356B4 /* Game.swift */,
				1302A91B2B2CB26E008D2E79 /* DBUser.swift */,
				13AE6B132B4772100067B6B7 /* Sport.swift */,
				136CF1262B753FC3004CC5B3 /* DataPoint.swift */,
				136AEC512BBB042B00F99AB9 /* ProfileGambleFilter.swift */,
			);
			path = Models;
			sourceTree = "<group>";
		};
		13EEAEE72B279C740014CD9F /* Utilities */ = {
			isa = PBXGroup;
			children = (
				13EEAEE82B279C8A0014CD9F /* Utilities.swift */,
			);
			path = Utilities;
			sourceTree = "<group>";
		};
/* End PBXGroup section */

/* Begin PBXNativeTarget section */
		138EFA2A2B261414007F006E /* Gamblit */ = {
			isa = PBXNativeTarget;
			buildConfigurationList = 138EFA392B261415007F006E /* Build configuration list for PBXNativeTarget "Gamblit" */;
			buildPhases = (
				138EFA272B261414007F006E /* Sources */,
				138EFA282B261414007F006E /* Frameworks */,
				138EFA292B261414007F006E /* Resources */,
			);
			buildRules = (
			);
			dependencies = (
			);
			name = Gamblit;
			packageProductDependencies = (
				13EEAECF2B2788C40014CD9F /* FirebaseAnalytics */,
				13EEAED12B2788C40014CD9F /* FirebaseAnalyticsOnDeviceConversion */,
				13EEAED32B2788C40014CD9F /* FirebaseAnalyticsSwift */,
				13EEAED52B2788C40014CD9F /* FirebaseAnalyticsWithoutAdIdSupport */,
				13EEAED72B2788C40014CD9F /* FirebaseAppCheck */,
				13EEAEE02B2799430014CD9F /* GoogleSignIn */,
				13EEAEE22B2799430014CD9F /* GoogleSignInSwift */,
				13BE439A2B280F9D0041DEEE /* FirebaseAnalytics */,
				13BE439C2B280F9D0041DEEE /* FirebaseAnalyticsOnDeviceConversion */,
				13BE439E2B280F9D0041DEEE /* FirebaseAnalyticsSwift */,
				13BE43A02B280F9D0041DEEE /* FirebaseAnalyticsWithoutAdIdSupport */,
				13BE43A62B280F9D0041DEEE /* FirebaseAuth */,
				13BE43A82B280F9D0041DEEE /* FirebaseAuthCombine-Community */,
				13BE43AA2B280F9D0041DEEE /* FirebaseCrashlytics */,
				13BE43B22B280F9D0041DEEE /* FirebaseFirestore */,
				13BE43B42B280F9D0041DEEE /* FirebaseFirestoreCombine-Community */,
				13BE43B62B280F9D0041DEEE /* FirebaseFirestoreSwift */,
				13BE43B82B280F9D0041DEEE /* FirebaseFunctions */,
				13BE43BA2B280F9D0041DEEE /* FirebaseFunctionsCombine-Community */,
				13BE43CC2B280F9D0041DEEE /* FirebaseStorage */,
				13BE43CE2B280F9D0041DEEE /* FirebaseStorageCombine-Community */,
				13BE43D02B280FC20041DEEE /* FirebaseAnalytics */,
				13BE43D22B280FC20041DEEE /* FirebaseAnalyticsOnDeviceConversion */,
				13BE43D42B280FC20041DEEE /* FirebaseAnalyticsSwift */,
				13BE43D62B280FC20041DEEE /* FirebaseAnalyticsWithoutAdIdSupport */,
				13BE43DC2B280FC20041DEEE /* FirebaseAuth */,
				13BE43DE2B280FC20041DEEE /* FirebaseAuthCombine-Community */,
				136AEC6B2BDC2D2600F99AB9 /* Kingfisher */,
			);
			productName = Gamblit;
			productReference = 138EFA2B2B261414007F006E /* Gamblit.app */;
			productType = "com.apple.product-type.application";
		};
/* End PBXNativeTarget section */

/* Begin PBXProject section */
		138EFA232B261414007F006E /* Project object */ = {
			isa = PBXProject;
			attributes = {
				BuildIndependentTargetsInParallel = 1;
				LastSwiftUpdateCheck = 1500;
				LastUpgradeCheck = 1500;
				TargetAttributes = {
					138EFA2A2B261414007F006E = {
						CreatedOnToolsVersion = 15.0.1;
					};
				};
			};
			buildConfigurationList = 138EFA262B261414007F006E /* Build configuration list for PBXProject "Gamblit" */;
			compatibilityVersion = "Xcode 14.0";
			developmentRegion = en;
			hasScannedForEncodings = 0;
			knownRegions = (
				en,
				Base,
			);
			mainGroup = 138EFA222B261414007F006E;
			packageReferences = (
				13EEAECE2B2788C40014CD9F /* XCRemoteSwiftPackageReference "firebase-ios-sdk" */,
				13EEAEDF2B2799430014CD9F /* XCRemoteSwiftPackageReference "GoogleSignIn-iOS" */,
				136AEC6A2BDC2D2600F99AB9 /* XCRemoteSwiftPackageReference "Kingfisher" */,
			);
			productRefGroup = 138EFA2C2B261414007F006E /* Products */;
			projectDirPath = "";
			projectRoot = "";
			targets = (
				138EFA2A2B261414007F006E /* Gamblit */,
			);
		};
/* End PBXProject section */

/* Begin PBXResourcesBuildPhase section */
		138EFA292B261414007F006E /* Resources */ = {
			isa = PBXResourcesBuildPhase;
			buildActionMask = 2147483647;
			files = (
				138EFA362B261415007F006E /* Preview Assets.xcassets in Resources */,
				13CD7A642B28B3D600E261DA /* GoogleService-Info.plist in Resources */,
				13AE6B0A2B446DC90067B6B7 /* nfl_output.json in Resources */,
				138EFA332B261415007F006E /* Assets.xcassets in Resources */,
			);
			runOnlyForDeploymentPostprocessing = 0;
		};
/* End PBXResourcesBuildPhase section */

/* Begin PBXSourcesBuildPhase section */
		138EFA272B261414007F006E /* Sources */ = {
			isa = PBXSourcesBuildPhase;
			buildActionMask = 2147483647;
			files = (
				136AEC6E2BDFD62F00F99AB9 /* GambleManagerRemodel.swift in Sources */,
				1371EEE82B62F65800A95866 /* HistoricalPickerView.swift in Sources */,
				13EEAECD2B2782870014CD9F /* Gamble.swift in Sources */,
				13EEAEDE2B2798A90014CD9F /* AuthenticationViewModel.swift in Sources */,
				1371EEE02B5C488500A95866 /* GameDetailView.swift in Sources */,
				1302A9182B2B70CC008D2E79 /* UserManager.swift in Sources */,
				136AEC5C2BCD604300F99AB9 /* DeveloperPreview.swift in Sources */,
				1371EEE62B62B20F00A95866 /* EventCardView.swift in Sources */,
				13E99AB92B9A2C9D009A25A1 /* TableTalkCellView.swift in Sources */,
				13AE6B0E2B44820F0067B6B7 /* GameCardView.swift in Sources */,
				134911522B5A1E5500311799 /* GambleViewModel.swift in Sources */,
				13AE6B142B4772100067B6B7 /* Sport.swift in Sources */,
				13033B672B9A0B3C00BC9EA1 /* GambleDetailView.swift in Sources */,
				136CF1252B6BE5FE004CC5B3 /* GenericChartView.swift in Sources */,
				13CD7A722B293E0D00E261DA /* ViewModel.swift in Sources */,
				136AEC4E2BB4847F00F99AB9 /* UserCellView.swift in Sources */,
				133105D42B367D2A009356B4 /* Game.swift in Sources */,
				136AEC692BDC175300F99AB9 /* ImageUploadManager.swift in Sources */,
				13E99AB72B9A0D88009A25A1 /* GambleDetailViewModel.swift in Sources */,
				13054D4E2BBCC3D9009F4F12 /* GamblitTabView.swift in Sources */,
				13EEAEE92B279C8A0014CD9F /* Utilities.swift in Sources */,
				138EFA312B261414007F006E /* ContentView.swift in Sources */,
				136AEC5E2BCD67BB00F99AB9 /* CurrentUserProfileView.swift in Sources */,
				13CD7A662B28BDDD00E261DA /* GambleCardView.swift in Sources */,
				13F557DB2B8BA08500C1398B /* GambleFeedView.swift in Sources */,
				136AEC562BBC458200F99AB9 /* UIScreen+EXT.swift in Sources */,
				136AEC4A2BB46BA500F99AB9 /* ExploreView.swift in Sources */,
				136AEC702BE0061000F99AB9 /* UserContentListViewModel.swift in Sources */,
				136AEC652BDAC04100F99AB9 /* UserContentListView.swift in Sources */,
				136AEC632BDAA02F00F99AB9 /* UserProfileHeaderView.swift in Sources */,
				133105CC2B3670C0009356B4 /* GamesView.swift in Sources */,
				136AEC722BE015E900F99AB9 /* Timestamp.swift in Sources */,
				136AEC522BBB042B00F99AB9 /* ProfileGambleFilter.swift in Sources */,
				1371EEE22B62153B00A95866 /* EventView.swift in Sources */,
				1302A9142B2B5B0A008D2E79 /* SettingsViewModel.swift in Sources */,
				133105D62B36820C009356B4 /* GamesManager.swift in Sources */,
				1371EEDE2B5C370300A95866 /* BookmakersButtonsView.swift in Sources */,
				13EEAEE52B279A390014CD9F /* AuthenticationManager.swift in Sources */,
				136AEC4C2BB483F900F99AB9 /* CircularProfileImageView.swift in Sources */,
				1302A9122B2B5969008D2E79 /* SettingsView.swift in Sources */,
				13054D4C2BBCC204009F4F12 /* ContentViewModel.swift in Sources */,
				133105CE2B367182009356B4 /* SportMenuView.swift in Sources */,
				1302A91C2B2CB26E008D2E79 /* DBUser.swift in Sources */,
				13EEAEDC2B2791DE0014CD9F /* AuthenticationView.swift in Sources */,
				136AEC5A2BBC69A400F99AB9 /* CreateGambleRemodelView.swift in Sources */,
				1302A9162B2B5BAF008D2E79 /* ProfileView.swift in Sources */,
				136CF1232B6B400F004CC5B3 /* HistoricalChartView.swift in Sources */,
				136AEC672BDC153900F99AB9 /* EditProfileViewModel.swift in Sources */,
				13695D012BA72AD800CB9FE3 /* Query+EXT.swift in Sources */,
				133105CA2B3670AC009356B4 /* GamesViewModel.swift in Sources */,
				1302A91A2B2B9364008D2E79 /* ProfileViewModel.swift in Sources */,
				13F557D92B8B9FDF00C1398B /* GambleFeedViewModel.swift in Sources */,
				138EFA2F2B261414007F006E /* GamblitApp.swift in Sources */,
				13695CFE2BA7158900CB9FE3 /* OnFirstAppearViewModifier.swift in Sources */,
				136AEC482BB463A600F99AB9 /* GambleCellView.swift in Sources */,
				136CF1272B753FC3004CC5B3 /* DataPoint.swift in Sources */,
				136AEC502BBAFF9300F99AB9 /* UserProfileView.swift in Sources */,
				1371EEE42B62155500A95866 /* HistoricalView.swift in Sources */,
				134911562B5C2F3200311799 /* GameChartPickerView.swift in Sources */,
				1349114E2B5813C200311799 /* ChartView.swift in Sources */,
				1302A91E2B2CE53A008D2E79 /* GambleManager.swift in Sources */,
				136AEC602BCD694400F99AB9 /* CurrentUserProfileViewModel.swift in Sources */,
				136AEC582BBC472E00F99AB9 /* EditProfileView.swift in Sources */,
				13054D502BCF4D60009F4F12 /* ExploreViewModel.swift in Sources */,
				136AEC542BBC456100F99AB9 /* UIWindow+EXT.swift in Sources */,
			);
			runOnlyForDeploymentPostprocessing = 0;
		};
/* End PBXSourcesBuildPhase section */

/* Begin XCBuildConfiguration section */
		138EFA372B261415007F006E /* Debug */ = {
			isa = XCBuildConfiguration;
			buildSettings = {
				ALWAYS_SEARCH_USER_PATHS = NO;
				ASSETCATALOG_COMPILER_GENERATE_SWIFT_ASSET_SYMBOL_EXTENSIONS = YES;
				CLANG_ANALYZER_NONNULL = YES;
				CLANG_ANALYZER_NUMBER_OBJECT_CONVERSION = YES_AGGRESSIVE;
				CLANG_CXX_LANGUAGE_STANDARD = "gnu++20";
				CLANG_ENABLE_MODULES = YES;
				CLANG_ENABLE_OBJC_ARC = YES;
				CLANG_ENABLE_OBJC_WEAK = YES;
				CLANG_WARN_BLOCK_CAPTURE_AUTORELEASING = YES;
				CLANG_WARN_BOOL_CONVERSION = YES;
				CLANG_WARN_COMMA = YES;
				CLANG_WARN_CONSTANT_CONVERSION = YES;
				CLANG_WARN_DEPRECATED_OBJC_IMPLEMENTATIONS = YES;
				CLANG_WARN_DIRECT_OBJC_ISA_USAGE = YES_ERROR;
				CLANG_WARN_DOCUMENTATION_COMMENTS = YES;
				CLANG_WARN_EMPTY_BODY = YES;
				CLANG_WARN_ENUM_CONVERSION = YES;
				CLANG_WARN_INFINITE_RECURSION = YES;
				CLANG_WARN_INT_CONVERSION = YES;
				CLANG_WARN_NON_LITERAL_NULL_CONVERSION = YES;
				CLANG_WARN_OBJC_IMPLICIT_RETAIN_SELF = YES;
				CLANG_WARN_OBJC_LITERAL_CONVERSION = YES;
				CLANG_WARN_OBJC_ROOT_CLASS = YES_ERROR;
				CLANG_WARN_QUOTED_INCLUDE_IN_FRAMEWORK_HEADER = YES;
				CLANG_WARN_RANGE_LOOP_ANALYSIS = YES;
				CLANG_WARN_STRICT_PROTOTYPES = YES;
				CLANG_WARN_SUSPICIOUS_MOVE = YES;
				CLANG_WARN_UNGUARDED_AVAILABILITY = YES_AGGRESSIVE;
				CLANG_WARN_UNREACHABLE_CODE = YES;
				CLANG_WARN__DUPLICATE_METHOD_MATCH = YES;
				COPY_PHASE_STRIP = NO;
				DEBUG_INFORMATION_FORMAT = dwarf;
				ENABLE_STRICT_OBJC_MSGSEND = YES;
				ENABLE_TESTABILITY = YES;
				ENABLE_USER_SCRIPT_SANDBOXING = YES;
				GCC_C_LANGUAGE_STANDARD = gnu17;
				GCC_DYNAMIC_NO_PIC = NO;
				GCC_NO_COMMON_BLOCKS = YES;
				GCC_OPTIMIZATION_LEVEL = 0;
				GCC_PREPROCESSOR_DEFINITIONS = (
					"DEBUG=1",
					"$(inherited)",
				);
				GCC_WARN_64_TO_32_BIT_CONVERSION = YES;
				GCC_WARN_ABOUT_RETURN_TYPE = YES_ERROR;
				GCC_WARN_UNDECLARED_SELECTOR = YES;
				GCC_WARN_UNINITIALIZED_AUTOS = YES_AGGRESSIVE;
				GCC_WARN_UNUSED_FUNCTION = YES;
				GCC_WARN_UNUSED_VARIABLE = YES;
				IPHONEOS_DEPLOYMENT_TARGET = 17.0;
				LOCALIZATION_PREFERS_STRING_CATALOGS = YES;
				MTL_ENABLE_DEBUG_INFO = INCLUDE_SOURCE;
				MTL_FAST_MATH = YES;
				ONLY_ACTIVE_ARCH = YES;
				SDKROOT = iphoneos;
				SWIFT_ACTIVE_COMPILATION_CONDITIONS = "DEBUG $(inherited)";
				SWIFT_OPTIMIZATION_LEVEL = "-Onone";
			};
			name = Debug;
		};
		138EFA382B261415007F006E /* Release */ = {
			isa = XCBuildConfiguration;
			buildSettings = {
				ALWAYS_SEARCH_USER_PATHS = NO;
				ASSETCATALOG_COMPILER_GENERATE_SWIFT_ASSET_SYMBOL_EXTENSIONS = YES;
				CLANG_ANALYZER_NONNULL = YES;
				CLANG_ANALYZER_NUMBER_OBJECT_CONVERSION = YES_AGGRESSIVE;
				CLANG_CXX_LANGUAGE_STANDARD = "gnu++20";
				CLANG_ENABLE_MODULES = YES;
				CLANG_ENABLE_OBJC_ARC = YES;
				CLANG_ENABLE_OBJC_WEAK = YES;
				CLANG_WARN_BLOCK_CAPTURE_AUTORELEASING = YES;
				CLANG_WARN_BOOL_CONVERSION = YES;
				CLANG_WARN_COMMA = YES;
				CLANG_WARN_CONSTANT_CONVERSION = YES;
				CLANG_WARN_DEPRECATED_OBJC_IMPLEMENTATIONS = YES;
				CLANG_WARN_DIRECT_OBJC_ISA_USAGE = YES_ERROR;
				CLANG_WARN_DOCUMENTATION_COMMENTS = YES;
				CLANG_WARN_EMPTY_BODY = YES;
				CLANG_WARN_ENUM_CONVERSION = YES;
				CLANG_WARN_INFINITE_RECURSION = YES;
				CLANG_WARN_INT_CONVERSION = YES;
				CLANG_WARN_NON_LITERAL_NULL_CONVERSION = YES;
				CLANG_WARN_OBJC_IMPLICIT_RETAIN_SELF = YES;
				CLANG_WARN_OBJC_LITERAL_CONVERSION = YES;
				CLANG_WARN_OBJC_ROOT_CLASS = YES_ERROR;
				CLANG_WARN_QUOTED_INCLUDE_IN_FRAMEWORK_HEADER = YES;
				CLANG_WARN_RANGE_LOOP_ANALYSIS = YES;
				CLANG_WARN_STRICT_PROTOTYPES = YES;
				CLANG_WARN_SUSPICIOUS_MOVE = YES;
				CLANG_WARN_UNGUARDED_AVAILABILITY = YES_AGGRESSIVE;
				CLANG_WARN_UNREACHABLE_CODE = YES;
				CLANG_WARN__DUPLICATE_METHOD_MATCH = YES;
				COPY_PHASE_STRIP = NO;
				DEBUG_INFORMATION_FORMAT = "dwarf-with-dsym";
				ENABLE_NS_ASSERTIONS = NO;
				ENABLE_STRICT_OBJC_MSGSEND = YES;
				ENABLE_USER_SCRIPT_SANDBOXING = YES;
				GCC_C_LANGUAGE_STANDARD = gnu17;
				GCC_NO_COMMON_BLOCKS = YES;
				GCC_WARN_64_TO_32_BIT_CONVERSION = YES;
				GCC_WARN_ABOUT_RETURN_TYPE = YES_ERROR;
				GCC_WARN_UNDECLARED_SELECTOR = YES;
				GCC_WARN_UNINITIALIZED_AUTOS = YES_AGGRESSIVE;
				GCC_WARN_UNUSED_FUNCTION = YES;
				GCC_WARN_UNUSED_VARIABLE = YES;
				IPHONEOS_DEPLOYMENT_TARGET = 17.0;
				LOCALIZATION_PREFERS_STRING_CATALOGS = YES;
				MTL_ENABLE_DEBUG_INFO = NO;
				MTL_FAST_MATH = YES;
				SDKROOT = iphoneos;
				SWIFT_COMPILATION_MODE = wholemodule;
				VALIDATE_PRODUCT = YES;
			};
			name = Release;
		};
		138EFA3A2B261415007F006E /* Debug */ = {
			isa = XCBuildConfiguration;
			buildSettings = {
				ASSETCATALOG_COMPILER_APPICON_NAME = AppIcon;
				ASSETCATALOG_COMPILER_GLOBAL_ACCENT_COLOR_NAME = AccentColor;
				CODE_SIGN_ENTITLEMENTS = Gamblit/Gamblit.entitlements;
				CODE_SIGN_STYLE = Automatic;
				CURRENT_PROJECT_VERSION = 1;
				DEVELOPMENT_ASSET_PATHS = "\"Gamblit/Preview Content\"";
				DEVELOPMENT_TEAM = 78GR4622Y4;
				ENABLE_PREVIEWS = YES;
				GENERATE_INFOPLIST_FILE = YES;
				INFOPLIST_FILE = Gamblit/Info.plist;
				INFOPLIST_KEY_UIApplicationSceneManifest_Generation = YES;
				INFOPLIST_KEY_UIApplicationSupportsIndirectInputEvents = YES;
				INFOPLIST_KEY_UILaunchScreen_Generation = YES;
				INFOPLIST_KEY_UISupportedInterfaceOrientations_iPad = "UIInterfaceOrientationPortrait UIInterfaceOrientationPortraitUpsideDown UIInterfaceOrientationLandscapeLeft UIInterfaceOrientationLandscapeRight";
				INFOPLIST_KEY_UISupportedInterfaceOrientations_iPhone = "UIInterfaceOrientationPortrait UIInterfaceOrientationLandscapeLeft UIInterfaceOrientationLandscapeRight";
				LD_RUNPATH_SEARCH_PATHS = (
					"$(inherited)",
					"@executable_path/Frameworks",
				);
				MARKETING_VERSION = 1.0;
				PRODUCT_BUNDLE_IDENTIFIER = dev.jandy.Gamblit;
				PRODUCT_NAME = "$(TARGET_NAME)";
				SWIFT_EMIT_LOC_STRINGS = YES;
				SWIFT_VERSION = 5.0;
				TARGETED_DEVICE_FAMILY = "1,2";
			};
			name = Debug;
		};
		138EFA3B2B261415007F006E /* Release */ = {
			isa = XCBuildConfiguration;
			buildSettings = {
				ASSETCATALOG_COMPILER_APPICON_NAME = AppIcon;
				ASSETCATALOG_COMPILER_GLOBAL_ACCENT_COLOR_NAME = AccentColor;
				CODE_SIGN_ENTITLEMENTS = Gamblit/Gamblit.entitlements;
				CODE_SIGN_STYLE = Automatic;
				CURRENT_PROJECT_VERSION = 1;
				DEVELOPMENT_ASSET_PATHS = "\"Gamblit/Preview Content\"";
				DEVELOPMENT_TEAM = 78GR4622Y4;
				ENABLE_PREVIEWS = YES;
				GENERATE_INFOPLIST_FILE = YES;
				INFOPLIST_FILE = Gamblit/Info.plist;
				INFOPLIST_KEY_UIApplicationSceneManifest_Generation = YES;
				INFOPLIST_KEY_UIApplicationSupportsIndirectInputEvents = YES;
				INFOPLIST_KEY_UILaunchScreen_Generation = YES;
				INFOPLIST_KEY_UISupportedInterfaceOrientations_iPad = "UIInterfaceOrientationPortrait UIInterfaceOrientationPortraitUpsideDown UIInterfaceOrientationLandscapeLeft UIInterfaceOrientationLandscapeRight";
				INFOPLIST_KEY_UISupportedInterfaceOrientations_iPhone = "UIInterfaceOrientationPortrait UIInterfaceOrientationLandscapeLeft UIInterfaceOrientationLandscapeRight";
				LD_RUNPATH_SEARCH_PATHS = (
					"$(inherited)",
					"@executable_path/Frameworks",
				);
				MARKETING_VERSION = 1.0;
				PRODUCT_BUNDLE_IDENTIFIER = dev.jandy.Gamblit;
				PRODUCT_NAME = "$(TARGET_NAME)";
				SWIFT_EMIT_LOC_STRINGS = YES;
				SWIFT_VERSION = 5.0;
				TARGETED_DEVICE_FAMILY = "1,2";
			};
			name = Release;
		};
/* End XCBuildConfiguration section */

/* Begin XCConfigurationList section */
		138EFA262B261414007F006E /* Build configuration list for PBXProject "Gamblit" */ = {
			isa = XCConfigurationList;
			buildConfigurations = (
				138EFA372B261415007F006E /* Debug */,
				138EFA382B261415007F006E /* Release */,
			);
			defaultConfigurationIsVisible = 0;
			defaultConfigurationName = Release;
		};
		138EFA392B261415007F006E /* Build configuration list for PBXNativeTarget "Gamblit" */ = {
			isa = XCConfigurationList;
			buildConfigurations = (
				138EFA3A2B261415007F006E /* Debug */,
				138EFA3B2B261415007F006E /* Release */,
			);
			defaultConfigurationIsVisible = 0;
			defaultConfigurationName = Release;
		};
/* End XCConfigurationList section */

/* Begin XCRemoteSwiftPackageReference section */
		136AEC6A2BDC2D2600F99AB9 /* XCRemoteSwiftPackageReference "Kingfisher" */ = {
			isa = XCRemoteSwiftPackageReference;
			repositoryURL = "https://github.com/onevcat/Kingfisher.git";
			requirement = {
				kind = upToNextMajorVersion;
				minimumVersion = 7.11.0;
			};
		};
		13EEAECE2B2788C40014CD9F /* XCRemoteSwiftPackageReference "firebase-ios-sdk" */ = {
			isa = XCRemoteSwiftPackageReference;
			repositoryURL = "https://github.com/firebase/firebase-ios-sdk";
			requirement = {
				kind = upToNextMajorVersion;
				minimumVersion = 10.19.0;
			};
		};
		13EEAEDF2B2799430014CD9F /* XCRemoteSwiftPackageReference "GoogleSignIn-iOS" */ = {
			isa = XCRemoteSwiftPackageReference;
			repositoryURL = "https://github.com/google/GoogleSignIn-iOS.git";
			requirement = {
				kind = upToNextMajorVersion;
				minimumVersion = 7.0.0;
			};
		};
/* End XCRemoteSwiftPackageReference section */

/* Begin XCSwiftPackageProductDependency section */
		136AEC6B2BDC2D2600F99AB9 /* Kingfisher */ = {
			isa = XCSwiftPackageProductDependency;
			package = 136AEC6A2BDC2D2600F99AB9 /* XCRemoteSwiftPackageReference "Kingfisher" */;
			productName = Kingfisher;
		};
		13BE439A2B280F9D0041DEEE /* FirebaseAnalytics */ = {
			isa = XCSwiftPackageProductDependency;
			package = 13EEAECE2B2788C40014CD9F /* XCRemoteSwiftPackageReference "firebase-ios-sdk" */;
			productName = FirebaseAnalytics;
		};
		13BE439C2B280F9D0041DEEE /* FirebaseAnalyticsOnDeviceConversion */ = {
			isa = XCSwiftPackageProductDependency;
			package = 13EEAECE2B2788C40014CD9F /* XCRemoteSwiftPackageReference "firebase-ios-sdk" */;
			productName = FirebaseAnalyticsOnDeviceConversion;
		};
		13BE439E2B280F9D0041DEEE /* FirebaseAnalyticsSwift */ = {
			isa = XCSwiftPackageProductDependency;
			package = 13EEAECE2B2788C40014CD9F /* XCRemoteSwiftPackageReference "firebase-ios-sdk" */;
			productName = FirebaseAnalyticsSwift;
		};
		13BE43A02B280F9D0041DEEE /* FirebaseAnalyticsWithoutAdIdSupport */ = {
			isa = XCSwiftPackageProductDependency;
			package = 13EEAECE2B2788C40014CD9F /* XCRemoteSwiftPackageReference "firebase-ios-sdk" */;
			productName = FirebaseAnalyticsWithoutAdIdSupport;
		};
		13BE43A62B280F9D0041DEEE /* FirebaseAuth */ = {
			isa = XCSwiftPackageProductDependency;
			package = 13EEAECE2B2788C40014CD9F /* XCRemoteSwiftPackageReference "firebase-ios-sdk" */;
			productName = FirebaseAuth;
		};
		13BE43A82B280F9D0041DEEE /* FirebaseAuthCombine-Community */ = {
			isa = XCSwiftPackageProductDependency;
			package = 13EEAECE2B2788C40014CD9F /* XCRemoteSwiftPackageReference "firebase-ios-sdk" */;
			productName = "FirebaseAuthCombine-Community";
		};
		13BE43AA2B280F9D0041DEEE /* FirebaseCrashlytics */ = {
			isa = XCSwiftPackageProductDependency;
			package = 13EEAECE2B2788C40014CD9F /* XCRemoteSwiftPackageReference "firebase-ios-sdk" */;
			productName = FirebaseCrashlytics;
		};
		13BE43B22B280F9D0041DEEE /* FirebaseFirestore */ = {
			isa = XCSwiftPackageProductDependency;
			package = 13EEAECE2B2788C40014CD9F /* XCRemoteSwiftPackageReference "firebase-ios-sdk" */;
			productName = FirebaseFirestore;
		};
		13BE43B42B280F9D0041DEEE /* FirebaseFirestoreCombine-Community */ = {
			isa = XCSwiftPackageProductDependency;
			package = 13EEAECE2B2788C40014CD9F /* XCRemoteSwiftPackageReference "firebase-ios-sdk" */;
			productName = "FirebaseFirestoreCombine-Community";
		};
		13BE43B62B280F9D0041DEEE /* FirebaseFirestoreSwift */ = {
			isa = XCSwiftPackageProductDependency;
			package = 13EEAECE2B2788C40014CD9F /* XCRemoteSwiftPackageReference "firebase-ios-sdk" */;
			productName = FirebaseFirestoreSwift;
		};
		13BE43B82B280F9D0041DEEE /* FirebaseFunctions */ = {
			isa = XCSwiftPackageProductDependency;
			package = 13EEAECE2B2788C40014CD9F /* XCRemoteSwiftPackageReference "firebase-ios-sdk" */;
			productName = FirebaseFunctions;
		};
		13BE43BA2B280F9D0041DEEE /* FirebaseFunctionsCombine-Community */ = {
			isa = XCSwiftPackageProductDependency;
			package = 13EEAECE2B2788C40014CD9F /* XCRemoteSwiftPackageReference "firebase-ios-sdk" */;
			productName = "FirebaseFunctionsCombine-Community";
		};
		13BE43CC2B280F9D0041DEEE /* FirebaseStorage */ = {
			isa = XCSwiftPackageProductDependency;
			package = 13EEAECE2B2788C40014CD9F /* XCRemoteSwiftPackageReference "firebase-ios-sdk" */;
			productName = FirebaseStorage;
		};
		13BE43CE2B280F9D0041DEEE /* FirebaseStorageCombine-Community */ = {
			isa = XCSwiftPackageProductDependency;
			package = 13EEAECE2B2788C40014CD9F /* XCRemoteSwiftPackageReference "firebase-ios-sdk" */;
			productName = "FirebaseStorageCombine-Community";
		};
		13BE43D02B280FC20041DEEE /* FirebaseAnalytics */ = {
			isa = XCSwiftPackageProductDependency;
			package = 13EEAECE2B2788C40014CD9F /* XCRemoteSwiftPackageReference "firebase-ios-sdk" */;
			productName = FirebaseAnalytics;
		};
		13BE43D22B280FC20041DEEE /* FirebaseAnalyticsOnDeviceConversion */ = {
			isa = XCSwiftPackageProductDependency;
			package = 13EEAECE2B2788C40014CD9F /* XCRemoteSwiftPackageReference "firebase-ios-sdk" */;
			productName = FirebaseAnalyticsOnDeviceConversion;
		};
		13BE43D42B280FC20041DEEE /* FirebaseAnalyticsSwift */ = {
			isa = XCSwiftPackageProductDependency;
			package = 13EEAECE2B2788C40014CD9F /* XCRemoteSwiftPackageReference "firebase-ios-sdk" */;
			productName = FirebaseAnalyticsSwift;
		};
		13BE43D62B280FC20041DEEE /* FirebaseAnalyticsWithoutAdIdSupport */ = {
			isa = XCSwiftPackageProductDependency;
			package = 13EEAECE2B2788C40014CD9F /* XCRemoteSwiftPackageReference "firebase-ios-sdk" */;
			productName = FirebaseAnalyticsWithoutAdIdSupport;
		};
		13BE43DC2B280FC20041DEEE /* FirebaseAuth */ = {
			isa = XCSwiftPackageProductDependency;
			package = 13EEAECE2B2788C40014CD9F /* XCRemoteSwiftPackageReference "firebase-ios-sdk" */;
			productName = FirebaseAuth;
		};
		13BE43DE2B280FC20041DEEE /* FirebaseAuthCombine-Community */ = {
			isa = XCSwiftPackageProductDependency;
			package = 13EEAECE2B2788C40014CD9F /* XCRemoteSwiftPackageReference "firebase-ios-sdk" */;
			productName = "FirebaseAuthCombine-Community";
		};
		13EEAECF2B2788C40014CD9F /* FirebaseAnalytics */ = {
			isa = XCSwiftPackageProductDependency;
			package = 13EEAECE2B2788C40014CD9F /* XCRemoteSwiftPackageReference "firebase-ios-sdk" */;
			productName = FirebaseAnalytics;
		};
		13EEAED12B2788C40014CD9F /* FirebaseAnalyticsOnDeviceConversion */ = {
			isa = XCSwiftPackageProductDependency;
			package = 13EEAECE2B2788C40014CD9F /* XCRemoteSwiftPackageReference "firebase-ios-sdk" */;
			productName = FirebaseAnalyticsOnDeviceConversion;
		};
		13EEAED32B2788C40014CD9F /* FirebaseAnalyticsSwift */ = {
			isa = XCSwiftPackageProductDependency;
			package = 13EEAECE2B2788C40014CD9F /* XCRemoteSwiftPackageReference "firebase-ios-sdk" */;
			productName = FirebaseAnalyticsSwift;
		};
		13EEAED52B2788C40014CD9F /* FirebaseAnalyticsWithoutAdIdSupport */ = {
			isa = XCSwiftPackageProductDependency;
			package = 13EEAECE2B2788C40014CD9F /* XCRemoteSwiftPackageReference "firebase-ios-sdk" */;
			productName = FirebaseAnalyticsWithoutAdIdSupport;
		};
		13EEAED72B2788C40014CD9F /* FirebaseAppCheck */ = {
			isa = XCSwiftPackageProductDependency;
			package = 13EEAECE2B2788C40014CD9F /* XCRemoteSwiftPackageReference "firebase-ios-sdk" */;
			productName = FirebaseAppCheck;
		};
		13EEAEE02B2799430014CD9F /* GoogleSignIn */ = {
			isa = XCSwiftPackageProductDependency;
			package = 13EEAEDF2B2799430014CD9F /* XCRemoteSwiftPackageReference "GoogleSignIn-iOS" */;
			productName = GoogleSignIn;
		};
		13EEAEE22B2799430014CD9F /* GoogleSignInSwift */ = {
			isa = XCSwiftPackageProductDependency;
			package = 13EEAEDF2B2799430014CD9F /* XCRemoteSwiftPackageReference "GoogleSignIn-iOS" */;
			productName = GoogleSignInSwift;
		};
/* End XCSwiftPackageProductDependency section */
	};
	rootObject = 138EFA232B261414007F006E /* Project object */;
}
